// !$*UTF8*$!
{
	archiveVersion = 1;
	classes = {
	};
	objectVersion = 52;
	objects = {

/* Begin PBXBuildFile section */
		E117947D24B02CC80093C86F /* CalendarDisplayView.swift in Sources */ = {isa = PBXBuildFile; fileRef = E117947C24B02CC80093C86F /* CalendarDisplayView.swift */; };
		E117947F24B068FF0093C86F /* CalendarContentView.swift in Sources */ = {isa = PBXBuildFile; fileRef = E117947E24B068FF0093C86F /* CalendarContentView.swift */; };
		E1245A5324DA8CAA00503B7E /* Notifications.swift in Sources */ = {isa = PBXBuildFile; fileRef = E1245A5224DA8CAA00503B7E /* Notifications.swift */; };
		E12816F82490BCC900E03C24 /* Ballot.swift in Sources */ = {isa = PBXBuildFile; fileRef = E12816F72490BCC900E03C24 /* Ballot.swift */; };
		E12816FA2490BE4A00E03C24 /* VoterList.swift in Sources */ = {isa = PBXBuildFile; fileRef = E12816F92490BE4A00E03C24 /* VoterList.swift */; };
		E13215D22423A0BD00B40532 /* SearchBar.swift in Sources */ = {isa = PBXBuildFile; fileRef = E13215D12423A0BD00B40532 /* SearchBar.swift */; };
		E13215D82424760200B40532 /* CreateElection.swift in Sources */ = {isa = PBXBuildFile; fileRef = E13215D72424760200B40532 /* CreateElection.swift */; };
		E15FA5D224233E7200E9BF58 /* ButtonModifier.swift in Sources */ = {isa = PBXBuildFile; fileRef = E15FA5D124233E7200E9BF58 /* ButtonModifier.swift */; };
		E15FA5D624233EB400E9BF58 /* DatabaseElection.swift in Sources */ = {isa = PBXBuildFile; fileRef = E15FA5D524233EB400E9BF58 /* DatabaseElection.swift */; };
		E15FA5DE24233FF300E9BF58 /* DashboardView.swift in Sources */ = {isa = PBXBuildFile; fileRef = E15FA5DD24233FF300E9BF58 /* DashboardView.swift */; };
		E15FA5E02423400300E9BF58 /* ElectionView.swift in Sources */ = {isa = PBXBuildFile; fileRef = E15FA5DF2423400300E9BF58 /* ElectionView.swift */; };
		E164BCDE24235C43002E8B23 /* CardView.swift in Sources */ = {isa = PBXBuildFile; fileRef = E164BCDD24235C43002E8B23 /* CardView.swift */; };
		E164BCE024236FD7002E8B23 /* Navigation.swift in Sources */ = {isa = PBXBuildFile; fileRef = E164BCDF24236FD7002E8B23 /* Navigation.swift */; };
		E16BE01C24C6ECF40018CB0F /* KVKCalendar.framework in Frameworks */ = {isa = PBXBuildFile; fileRef = E16E5E46246EEDB00040A9CF /* KVKCalendar.framework */; };
		E16BE01D24C6ECF40018CB0F /* KVKCalendar.framework in Embed Frameworks */ = {isa = PBXBuildFile; fileRef = E16E5E46246EEDB00040A9CF /* KVKCalendar.framework */; settings = {ATTRIBUTES = (CodeSignOnCopy, RemoveHeadersOnCopy, ); }; };
		E16F276B2486366800F754B0 /* UserTextField.swift in Sources */ = {isa = PBXBuildFile; fileRef = E16F276A2486366800F754B0 /* UserTextField.swift */; };
		E1708E8E24C769BF006BEB34 /* ElectionDetailView.swift in Sources */ = {isa = PBXBuildFile; fileRef = E1708E8D24C769BF006BEB34 /* ElectionDetailView.swift */; };
		E17B642B2427163400475579 /* Settings.swift in Sources */ = {isa = PBXBuildFile; fileRef = E17B642A2427163400475579 /* Settings.swift */; };
		E17B642D2427189B00475579 /* LoginView.swift in Sources */ = {isa = PBXBuildFile; fileRef = E17B642C2427189B00475579 /* LoginView.swift */; };
		E181E71A2484E27100875E3F /* TopCircleShape.swift in Sources */ = {isa = PBXBuildFile; fileRef = E181E7192484E27100875E3F /* TopCircleShape.swift */; };
		E181E71D2484F7BD00875E3F /* AppleIdButton.swift in Sources */ = {isa = PBXBuildFile; fileRef = E181E71C2484F7BD00875E3F /* AppleIdButton.swift */; };
		E18F18792420F770002FED89 /* AppDelegate.swift in Sources */ = {isa = PBXBuildFile; fileRef = E18F18782420F770002FED89 /* AppDelegate.swift */; };
		E18F187B2420F770002FED89 /* SceneDelegate.swift in Sources */ = {isa = PBXBuildFile; fileRef = E18F187A2420F770002FED89 /* SceneDelegate.swift */; };
		E18F187F2420F774002FED89 /* Assets.xcassets in Resources */ = {isa = PBXBuildFile; fileRef = E18F187E2420F774002FED89 /* Assets.xcassets */; };
		E18F18822420F774002FED89 /* Preview Assets.xcassets in Resources */ = {isa = PBXBuildFile; fileRef = E18F18812420F774002FED89 /* Preview Assets.xcassets */; };
		E18F18852420F774002FED89 /* LaunchScreen.storyboard in Resources */ = {isa = PBXBuildFile; fileRef = E18F18832420F774002FED89 /* LaunchScreen.storyboard */; };
		E18F18902420F774002FED89 /* agora_iosTests.swift in Sources */ = {isa = PBXBuildFile; fileRef = E18F188F2420F774002FED89 /* agora_iosTests.swift */; };
		E18F189B2420F774002FED89 /* agora_iosUITests.swift in Sources */ = {isa = PBXBuildFile; fileRef = E18F189A2420F774002FED89 /* agora_iosUITests.swift */; };
		E19012F32430729100741EF9 /* APIService.swift in Sources */ = {isa = PBXBuildFile; fileRef = E19012F22430729100741EF9 /* APIService.swift */; };
		E19012F6243074B600741EF9 /* SwiftyJSON in Frameworks */ = {isa = PBXBuildFile; productRef = E19012F5243074B600741EF9 /* SwiftyJSON */; };
		E19012F9243075D100741EF9 /* Alamofire in Frameworks */ = {isa = PBXBuildFile; productRef = E19012F8243075D100741EF9 /* Alamofire */; };
		E191557A2498CD7C00AC78D9 /* UserLoginManager.swift in Sources */ = {isa = PBXBuildFile; fileRef = E19155792498CD7C00AC78D9 /* UserLoginManager.swift */; };
		E1926F44248CEA7800CC08A3 /* Credentials.swift in Sources */ = {isa = PBXBuildFile; fileRef = E1926F43248CEA7800CC08A3 /* Credentials.swift */; };
		E192DB2224B846FA00D1E5EC /* TabBarAccessor.swift in Sources */ = {isa = PBXBuildFile; fileRef = E192DB2124B846FA00D1E5EC /* TabBarAccessor.swift */; };
		E1984D7524A761B60099F970 /* Election.swift in Sources */ = {isa = PBXBuildFile; fileRef = E1984D7424A761B60099F970 /* Election.swift */; };
		E1989DAB248B5C52004ACBE7 /* AppUserDefaults.swift in Sources */ = {isa = PBXBuildFile; fileRef = E1989DAA248B5C52004ACBE7 /* AppUserDefaults.swift */; };
		E1989DAE248B5D16004ACBE7 /* UserDefaultsWrapper.swift in Sources */ = {isa = PBXBuildFile; fileRef = E1989DAD248B5D16004ACBE7 /* UserDefaultsWrapper.swift */; };
		E19B260E2491F71E00B97D43 /* DatabaseElectionManager.swift in Sources */ = {isa = PBXBuildFile; fileRef = E19B260D2491F71E00B97D43 /* DatabaseElectionManager.swift */; };
		E19FF6B724852E5F0087A238 /* CornersShape.swift in Sources */ = {isa = PBXBuildFile; fileRef = E19FF6B624852E5F0087A238 /* CornersShape.swift */; };
		E1AA77982498A5E90067A231 /* FacebookCore in Frameworks */ = {isa = PBXBuildFile; productRef = E1AA77972498A5E90067A231 /* FacebookCore */; };
		E1AA779A2498A5E90067A231 /* FacebookLogin in Frameworks */ = {isa = PBXBuildFile; productRef = E1AA77992498A5E90067A231 /* FacebookLogin */; };
		E1AA779C2498AF980067A231 /* FacebookButton.swift in Sources */ = {isa = PBXBuildFile; fileRef = E1AA779B2498AF980067A231 /* FacebookButton.swift */; };
		E1B4FCCF2492774700907329 /* DatabaseUser.swift in Sources */ = {isa = PBXBuildFile; fileRef = E1B4FCCE2492774700907329 /* DatabaseUser.swift */; };
		E1C8E4A324B6ECE500AACDA8 /* RealmSwift.framework in Frameworks */ = {isa = PBXBuildFile; fileRef = E1DD63102428AC7E00DFCA04 /* RealmSwift.framework */; };
		E1C8E4A524B6ECE600AACDA8 /* Realm.framework in Frameworks */ = {isa = PBXBuildFile; fileRef = E1DD63132428AC7E00DFCA04 /* Realm.framework */; };
		E1D3B7BA24BA14810077D82C /* CardShimmer.swift in Sources */ = {isa = PBXBuildFile; fileRef = E1D3B7B924BA14810077D82C /* CardShimmer.swift */; };
		E1E9827A242935FD007C461C /* ElectionEditView.swift in Sources */ = {isa = PBXBuildFile; fileRef = E1E98279242935FD007C461C /* ElectionEditView.swift */; };
		E1EB7A65248FCC0C008726D8 /* DateFormat.swift in Sources */ = {isa = PBXBuildFile; fileRef = E1EB7A64248FCC0C008726D8 /* DateFormat.swift */; };
		E1ED14F224BEDE5C00467DF2 /* EventUpdateOverlay.swift in Sources */ = {isa = PBXBuildFile; fileRef = E1ED14F124BEDE5C00467DF2 /* EventUpdateOverlay.swift */; };
		E1ED14F424BEE21E00467DF2 /* Badge.swift in Sources */ = {isa = PBXBuildFile; fileRef = E1ED14F324BEE21E00467DF2 /* Badge.swift */; };
		E1FAEDF2248E4CEB003DED66 /* ActivityIndicator.swift in Sources */ = {isa = PBXBuildFile; fileRef = E1FAEDF1248E4CEB003DED66 /* ActivityIndicator.swift */; };
/* End PBXBuildFile section */

/* Begin PBXContainerItemProxy section */
		E18F188C2420F774002FED89 /* PBXContainerItemProxy */ = {
			isa = PBXContainerItemProxy;
			containerPortal = E18F186D2420F770002FED89 /* Project object */;
			proxyType = 1;
			remoteGlobalIDString = E18F18742420F770002FED89;
			remoteInfo = "agora-ios";
		};
		E18F18972420F774002FED89 /* PBXContainerItemProxy */ = {
			isa = PBXContainerItemProxy;
			containerPortal = E18F186D2420F770002FED89 /* Project object */;
			proxyType = 1;
			remoteGlobalIDString = E18F18742420F770002FED89;
			remoteInfo = "agora-ios";
		};
/* End PBXContainerItemProxy section */

/* Begin PBXCopyFilesBuildPhase section */
		E16BE01E24C6ECF40018CB0F /* Embed Frameworks */ = {
			isa = PBXCopyFilesBuildPhase;
			buildActionMask = 2147483647;
			dstPath = "";
			dstSubfolderSpec = 10;
			files = (
				E16BE01D24C6ECF40018CB0F /* KVKCalendar.framework in Embed Frameworks */,
			);
			name = "Embed Frameworks";
			runOnlyForDeploymentPostprocessing = 0;
		};
/* End PBXCopyFilesBuildPhase section */

/* Begin PBXFileReference section */
		E117947C24B02CC80093C86F /* CalendarDisplayView.swift */ = {isa = PBXFileReference; lastKnownFileType = sourcecode.swift; path = CalendarDisplayView.swift; sourceTree = "<group>"; };
		E117947E24B068FF0093C86F /* CalendarContentView.swift */ = {isa = PBXFileReference; lastKnownFileType = sourcecode.swift; path = CalendarContentView.swift; sourceTree = "<group>"; };
		E1245A5224DA8CAA00503B7E /* Notifications.swift */ = {isa = PBXFileReference; lastKnownFileType = sourcecode.swift; path = Notifications.swift; sourceTree = "<group>"; };
		E12816F72490BCC900E03C24 /* Ballot.swift */ = {isa = PBXFileReference; lastKnownFileType = sourcecode.swift; path = Ballot.swift; sourceTree = "<group>"; };
		E12816F92490BE4A00E03C24 /* VoterList.swift */ = {isa = PBXFileReference; lastKnownFileType = sourcecode.swift; path = VoterList.swift; sourceTree = "<group>"; };
		E13215D12423A0BD00B40532 /* SearchBar.swift */ = {isa = PBXFileReference; lastKnownFileType = sourcecode.swift; path = SearchBar.swift; sourceTree = "<group>"; };
		E13215D72424760200B40532 /* CreateElection.swift */ = {isa = PBXFileReference; lastKnownFileType = sourcecode.swift; path = CreateElection.swift; sourceTree = "<group>"; };
		E15FA5D124233E7200E9BF58 /* ButtonModifier.swift */ = {isa = PBXFileReference; lastKnownFileType = sourcecode.swift; path = ButtonModifier.swift; sourceTree = "<group>"; };
		E15FA5D524233EB400E9BF58 /* DatabaseElection.swift */ = {isa = PBXFileReference; lastKnownFileType = sourcecode.swift; path = DatabaseElection.swift; sourceTree = "<group>"; };
		E15FA5DD24233FF300E9BF58 /* DashboardView.swift */ = {isa = PBXFileReference; lastKnownFileType = sourcecode.swift; path = DashboardView.swift; sourceTree = "<group>"; };
		E15FA5DF2423400300E9BF58 /* ElectionView.swift */ = {isa = PBXFileReference; lastKnownFileType = sourcecode.swift; path = ElectionView.swift; sourceTree = "<group>"; };
		E164BCDD24235C43002E8B23 /* CardView.swift */ = {isa = PBXFileReference; lastKnownFileType = sourcecode.swift; path = CardView.swift; sourceTree = "<group>"; };
		E164BCDF24236FD7002E8B23 /* Navigation.swift */ = {isa = PBXFileReference; lastKnownFileType = sourcecode.swift; path = Navigation.swift; sourceTree = "<group>"; };
		E16E5E45246EEDB00040A9CF /* RealmSwift.framework */ = {isa = PBXFileReference; lastKnownFileType = wrapper.framework; name = RealmSwift.framework; path = Carthage/Build/iOS/RealmSwift.framework; sourceTree = "<group>"; };
		E16E5E46246EEDB00040A9CF /* KVKCalendar.framework */ = {isa = PBXFileReference; lastKnownFileType = wrapper.framework; name = KVKCalendar.framework; path = Carthage/Build/iOS/KVKCalendar.framework; sourceTree = "<group>"; };
		E16E5E47246EEDB00040A9CF /* Realm.framework */ = {isa = PBXFileReference; lastKnownFileType = wrapper.framework; name = Realm.framework; path = Carthage/Build/iOS/Realm.framework; sourceTree = "<group>"; };
		E16F276A2486366800F754B0 /* UserTextField.swift */ = {isa = PBXFileReference; lastKnownFileType = sourcecode.swift; path = UserTextField.swift; sourceTree = "<group>"; };
		E1708E8D24C769BF006BEB34 /* ElectionDetailView.swift */ = {isa = PBXFileReference; lastKnownFileType = sourcecode.swift; path = ElectionDetailView.swift; sourceTree = "<group>"; };
		E17B642A2427163400475579 /* Settings.swift */ = {isa = PBXFileReference; lastKnownFileType = sourcecode.swift; path = Settings.swift; sourceTree = "<group>"; };
		E17B642C2427189B00475579 /* LoginView.swift */ = {isa = PBXFileReference; lastKnownFileType = sourcecode.swift; path = LoginView.swift; sourceTree = "<group>"; };
		E181E7192484E27100875E3F /* TopCircleShape.swift */ = {isa = PBXFileReference; lastKnownFileType = sourcecode.swift; path = TopCircleShape.swift; sourceTree = "<group>"; };
		E181E71B2484F50300875E3F /* agora-ios.entitlements */ = {isa = PBXFileReference; lastKnownFileType = text.plist.entitlements; path = "agora-ios.entitlements"; sourceTree = "<group>"; };
		E181E71C2484F7BD00875E3F /* AppleIdButton.swift */ = {isa = PBXFileReference; lastKnownFileType = sourcecode.swift; path = AppleIdButton.swift; sourceTree = "<group>"; };
		E18F18752420F770002FED89 /* agora-ios.app */ = {isa = PBXFileReference; explicitFileType = wrapper.application; includeInIndex = 0; path = "agora-ios.app"; sourceTree = BUILT_PRODUCTS_DIR; };
		E18F18782420F770002FED89 /* AppDelegate.swift */ = {isa = PBXFileReference; lastKnownFileType = sourcecode.swift; path = AppDelegate.swift; sourceTree = "<group>"; };
		E18F187A2420F770002FED89 /* SceneDelegate.swift */ = {isa = PBXFileReference; lastKnownFileType = sourcecode.swift; path = SceneDelegate.swift; sourceTree = "<group>"; };
		E18F187E2420F774002FED89 /* Assets.xcassets */ = {isa = PBXFileReference; lastKnownFileType = folder.assetcatalog; path = Assets.xcassets; sourceTree = "<group>"; };
		E18F18812420F774002FED89 /* Preview Assets.xcassets */ = {isa = PBXFileReference; lastKnownFileType = folder.assetcatalog; path = "Preview Assets.xcassets"; sourceTree = "<group>"; };
		E18F18842420F774002FED89 /* Base */ = {isa = PBXFileReference; lastKnownFileType = file.storyboard; name = Base; path = Base.lproj/LaunchScreen.storyboard; sourceTree = "<group>"; };
		E18F18862420F774002FED89 /* Info.plist */ = {isa = PBXFileReference; lastKnownFileType = text.plist.xml; path = Info.plist; sourceTree = "<group>"; };
		E18F188B2420F774002FED89 /* agora-iosTests.xctest */ = {isa = PBXFileReference; explicitFileType = wrapper.cfbundle; includeInIndex = 0; path = "agora-iosTests.xctest"; sourceTree = BUILT_PRODUCTS_DIR; };
		E18F188F2420F774002FED89 /* agora_iosTests.swift */ = {isa = PBXFileReference; lastKnownFileType = sourcecode.swift; path = agora_iosTests.swift; sourceTree = "<group>"; };
		E18F18912420F774002FED89 /* Info.plist */ = {isa = PBXFileReference; lastKnownFileType = text.plist.xml; path = Info.plist; sourceTree = "<group>"; };
		E18F18962420F774002FED89 /* agora-iosUITests.xctest */ = {isa = PBXFileReference; explicitFileType = wrapper.cfbundle; includeInIndex = 0; path = "agora-iosUITests.xctest"; sourceTree = BUILT_PRODUCTS_DIR; };
		E18F189A2420F774002FED89 /* agora_iosUITests.swift */ = {isa = PBXFileReference; lastKnownFileType = sourcecode.swift; path = agora_iosUITests.swift; sourceTree = "<group>"; };
		E18F189C2420F774002FED89 /* Info.plist */ = {isa = PBXFileReference; lastKnownFileType = text.plist.xml; path = Info.plist; sourceTree = "<group>"; };
		E19012F22430729100741EF9 /* APIService.swift */ = {isa = PBXFileReference; lastKnownFileType = sourcecode.swift; path = APIService.swift; sourceTree = "<group>"; };
		E19155792498CD7C00AC78D9 /* UserLoginManager.swift */ = {isa = PBXFileReference; lastKnownFileType = sourcecode.swift; path = UserLoginManager.swift; sourceTree = "<group>"; };
		E1926F43248CEA7800CC08A3 /* Credentials.swift */ = {isa = PBXFileReference; lastKnownFileType = sourcecode.swift; path = Credentials.swift; sourceTree = "<group>"; };
		E192DB2124B846FA00D1E5EC /* TabBarAccessor.swift */ = {isa = PBXFileReference; lastKnownFileType = sourcecode.swift; path = TabBarAccessor.swift; sourceTree = "<group>"; };
		E1984D7424A761B60099F970 /* Election.swift */ = {isa = PBXFileReference; lastKnownFileType = sourcecode.swift; path = Election.swift; sourceTree = "<group>"; };
		E1989DAA248B5C52004ACBE7 /* AppUserDefaults.swift */ = {isa = PBXFileReference; lastKnownFileType = sourcecode.swift; path = AppUserDefaults.swift; sourceTree = "<group>"; };
		E1989DAD248B5D16004ACBE7 /* UserDefaultsWrapper.swift */ = {isa = PBXFileReference; lastKnownFileType = sourcecode.swift; path = UserDefaultsWrapper.swift; sourceTree = "<group>"; };
		E19B260D2491F71E00B97D43 /* DatabaseElectionManager.swift */ = {isa = PBXFileReference; lastKnownFileType = sourcecode.swift; path = DatabaseElectionManager.swift; sourceTree = "<group>"; };
		E19FF6B624852E5F0087A238 /* CornersShape.swift */ = {isa = PBXFileReference; lastKnownFileType = sourcecode.swift; path = CornersShape.swift; sourceTree = "<group>"; };
		E1AA779B2498AF980067A231 /* FacebookButton.swift */ = {isa = PBXFileReference; lastKnownFileType = sourcecode.swift; path = FacebookButton.swift; sourceTree = "<group>"; };
		E1B4FCCE2492774700907329 /* DatabaseUser.swift */ = {isa = PBXFileReference; lastKnownFileType = sourcecode.swift; path = DatabaseUser.swift; sourceTree = "<group>"; };
		E1D3B7B924BA14810077D82C /* CardShimmer.swift */ = {isa = PBXFileReference; lastKnownFileType = sourcecode.swift; path = CardShimmer.swift; sourceTree = "<group>"; };
		E1DD630E2428AC7E00DFCA04 /* RealmSwift.framework.dSYM */ = {isa = PBXFileReference; lastKnownFileType = wrapper.dsym; path = RealmSwift.framework.dSYM; sourceTree = "<group>"; };
		E1DD630F2428AC7E00DFCA04 /* Realm.framework.dSYM */ = {isa = PBXFileReference; lastKnownFileType = wrapper.dsym; path = Realm.framework.dSYM; sourceTree = "<group>"; };
		E1DD63102428AC7E00DFCA04 /* RealmSwift.framework */ = {isa = PBXFileReference; lastKnownFileType = wrapper.framework; path = RealmSwift.framework; sourceTree = "<group>"; };
		E1DD63112428AC7E00DFCA04 /* D75AF007-77EC-3490-9084-CAAC150C9D4F.bcsymbolmap */ = {isa = PBXFileReference; lastKnownFileType = text; path = "D75AF007-77EC-3490-9084-CAAC150C9D4F.bcsymbolmap"; sourceTree = "<group>"; };
		E1DD63122428AC7E00DFCA04 /* BDF484BB-9D71-3B79-A490-D2894BB7A4C1.bcsymbolmap */ = {isa = PBXFileReference; lastKnownFileType = text; path = "BDF484BB-9D71-3B79-A490-D2894BB7A4C1.bcsymbolmap"; sourceTree = "<group>"; };
		E1DD63132428AC7E00DFCA04 /* Realm.framework */ = {isa = PBXFileReference; lastKnownFileType = wrapper.framework; path = Realm.framework; sourceTree = "<group>"; };
		E1DD63142428AC7E00DFCA04 /* E9FFEB42-C0D4-37BC-9016-9904B4EBFC38.bcsymbolmap */ = {isa = PBXFileReference; lastKnownFileType = text; path = "E9FFEB42-C0D4-37BC-9016-9904B4EBFC38.bcsymbolmap"; sourceTree = "<group>"; };
		E1DD63152428AC7E00DFCA04 /* 2B17A500-B4E3-3999-895C-3051D637D9A1.bcsymbolmap */ = {isa = PBXFileReference; lastKnownFileType = text; path = "2B17A500-B4E3-3999-895C-3051D637D9A1.bcsymbolmap"; sourceTree = "<group>"; };
		E1E98279242935FD007C461C /* ElectionEditView.swift */ = {isa = PBXFileReference; lastKnownFileType = sourcecode.swift; path = ElectionEditView.swift; sourceTree = "<group>"; };
		E1EB7A64248FCC0C008726D8 /* DateFormat.swift */ = {isa = PBXFileReference; lastKnownFileType = sourcecode.swift; path = DateFormat.swift; sourceTree = "<group>"; };
		E1ED14F124BEDE5C00467DF2 /* EventUpdateOverlay.swift */ = {isa = PBXFileReference; lastKnownFileType = sourcecode.swift; path = EventUpdateOverlay.swift; sourceTree = "<group>"; };
		E1ED14F324BEE21E00467DF2 /* Badge.swift */ = {isa = PBXFileReference; lastKnownFileType = sourcecode.swift; path = Badge.swift; sourceTree = "<group>"; };
		E1FAEDF1248E4CEB003DED66 /* ActivityIndicator.swift */ = {isa = PBXFileReference; lastKnownFileType = sourcecode.swift; path = ActivityIndicator.swift; sourceTree = "<group>"; };
/* End PBXFileReference section */

/* Begin PBXFrameworksBuildPhase section */
		E18F18722420F770002FED89 /* Frameworks */ = {
			isa = PBXFrameworksBuildPhase;
			buildActionMask = 2147483647;
			files = (
				E1AA77982498A5E90067A231 /* FacebookCore in Frameworks */,
				E19012F6243074B600741EF9 /* SwiftyJSON in Frameworks */,
				E1C8E4A324B6ECE500AACDA8 /* RealmSwift.framework in Frameworks */,
				E16BE01C24C6ECF40018CB0F /* KVKCalendar.framework in Frameworks */,
				E1C8E4A524B6ECE600AACDA8 /* Realm.framework in Frameworks */,
				E1AA779A2498A5E90067A231 /* FacebookLogin in Frameworks */,
				E19012F9243075D100741EF9 /* Alamofire in Frameworks */,
			);
			runOnlyForDeploymentPostprocessing = 0;
		};
		E18F18882420F774002FED89 /* Frameworks */ = {
			isa = PBXFrameworksBuildPhase;
			buildActionMask = 2147483647;
			files = (
			);
			runOnlyForDeploymentPostprocessing = 0;
		};
		E18F18932420F774002FED89 /* Frameworks */ = {
			isa = PBXFrameworksBuildPhase;
			buildActionMask = 2147483647;
			files = (
			);
			runOnlyForDeploymentPostprocessing = 0;
		};
/* End PBXFrameworksBuildPhase section */

/* Begin PBXGroup section */
		E10BDEAB248B81C3000A634F /* Database */ = {
			isa = PBXGroup;
			children = (
				E15FA5D524233EB400E9BF58 /* DatabaseElection.swift */,
				E1B4FCCE2492774700907329 /* DatabaseUser.swift */,
			);
			path = Database;
			sourceTree = "<group>";
		};
		E117947B24B02CAE0093C86F /* KVKCalendar */ = {
			isa = PBXGroup;
			children = (
				E117947C24B02CC80093C86F /* CalendarDisplayView.swift */,
				E117947E24B068FF0093C86F /* CalendarContentView.swift */,
			);
			path = KVKCalendar;
			sourceTree = "<group>";
		};
		E15FA5CB24233DF000E9BF58 /* Utils */ = {
			isa = PBXGroup;
			children = (
				E1EB7A64248FCC0C008726D8 /* DateFormat.swift */,
				E192DB2124B846FA00D1E5EC /* TabBarAccessor.swift */,
			);
			path = Utils;
			sourceTree = "<group>";
		};
		E15FA5CD24233E0800E9BF58 /* Model */ = {
			isa = PBXGroup;
			children = (
				E10BDEAB248B81C3000A634F /* Database */,
				E12816F72490BCC900E03C24 /* Ballot.swift */,
				E12816F92490BE4A00E03C24 /* VoterList.swift */,
				E1984D7424A761B60099F970 /* Election.swift */,
			);
			path = Model;
			sourceTree = "<group>";
		};
		E15FA5CE24233E0F00E9BF58 /* View */ = {
			isa = PBXGroup;
			children = (
				E164BCDF24236FD7002E8B23 /* Navigation.swift */,
				E15FA5D024233E3E00E9BF58 /* Components */,
				E15FA5CF24233E2F00E9BF58 /* Extensions */,
			);
			path = View;
			sourceTree = "<group>";
		};
		E15FA5CF24233E2F00E9BF58 /* Extensions */ = {
			isa = PBXGroup;
			children = (
				E15FA5D124233E7200E9BF58 /* ButtonModifier.swift */,
				E164BCDD24235C43002E8B23 /* CardView.swift */,
				E13215D12423A0BD00B40532 /* SearchBar.swift */,
				E181E7192484E27100875E3F /* TopCircleShape.swift */,
				E19AF57C249F3A9B005C6BD6 /* AppleSignin */,
				E19FF6B624852E5F0087A238 /* CornersShape.swift */,
				E16F276A2486366800F754B0 /* UserTextField.swift */,
				E1FAEDF1248E4CEB003DED66 /* ActivityIndicator.swift */,
				E1AA779B2498AF980067A231 /* FacebookButton.swift */,
				E1D3B7B924BA14810077D82C /* CardShimmer.swift */,
				E1ED14F124BEDE5C00467DF2 /* EventUpdateOverlay.swift */,
				E1ED14F324BEE21E00467DF2 /* Badge.swift */,
				E1245A5224DA8CAA00503B7E /* Notifications.swift */,
			);
			path = Extensions;
			sourceTree = "<group>";
		};
		E15FA5D024233E3E00E9BF58 /* Components */ = {
			isa = PBXGroup;
			children = (
				E1708E8C24C769A3006BEB34 /* ElectionDetail */,
				E117947B24B02CAE0093C86F /* KVKCalendar */,
				E17B642C2427189B00475579 /* LoginView.swift */,
				E15FA5DD24233FF300E9BF58 /* DashboardView.swift */,
				E15FA5DF2423400300E9BF58 /* ElectionView.swift */,
				E13215D72424760200B40532 /* CreateElection.swift */,
				E17B642A2427163400475579 /* Settings.swift */,
				E1E98279242935FD007C461C /* ElectionEditView.swift */,
			);
			path = Components;
			sourceTree = "<group>";
		};
		E1708E8C24C769A3006BEB34 /* ElectionDetail */ = {
			isa = PBXGroup;
			children = (
				E1708E8D24C769BF006BEB34 /* ElectionDetailView.swift */,
			);
			path = ElectionDetail;
			sourceTree = "<group>";
		};
		E18F186C2420F770002FED89 = {
			isa = PBXGroup;
			children = (
				E18F18772420F770002FED89 /* agora-ios */,
				E18F188E2420F774002FED89 /* agora-iosTests */,
				E18F18992420F774002FED89 /* agora-iosUITests */,
				E18F18762420F770002FED89 /* Products */,
				E1DD630C2428AC7D00DFCA04 /* Frameworks */,
			);
			sourceTree = "<group>";
		};
		E18F18762420F770002FED89 /* Products */ = {
			isa = PBXGroup;
			children = (
				E18F18752420F770002FED89 /* agora-ios.app */,
				E18F188B2420F774002FED89 /* agora-iosTests.xctest */,
				E18F18962420F774002FED89 /* agora-iosUITests.xctest */,
			);
			name = Products;
			sourceTree = "<group>";
		};
		E18F18772420F770002FED89 /* agora-ios */ = {
			isa = PBXGroup;
			children = (
				E181E71B2484F50300875E3F /* agora-ios.entitlements */,
				E19012F12430724A00741EF9 /* Backend */,
				E15FA5CE24233E0F00E9BF58 /* View */,
				E15FA5CD24233E0800E9BF58 /* Model */,
				E15FA5CB24233DF000E9BF58 /* Utils */,
				E18F18782420F770002FED89 /* AppDelegate.swift */,
				E18F187A2420F770002FED89 /* SceneDelegate.swift */,
				E18F187E2420F774002FED89 /* Assets.xcassets */,
				E18F18832420F774002FED89 /* LaunchScreen.storyboard */,
				E18F18862420F774002FED89 /* Info.plist */,
				E18F18802420F774002FED89 /* Preview Content */,
			);
			path = "agora-ios";
			sourceTree = "<group>";
		};
		E18F18802420F774002FED89 /* Preview Content */ = {
			isa = PBXGroup;
			children = (
				E18F18812420F774002FED89 /* Preview Assets.xcassets */,
			);
			path = "Preview Content";
			sourceTree = "<group>";
		};
		E18F188E2420F774002FED89 /* agora-iosTests */ = {
			isa = PBXGroup;
			children = (
				E18F188F2420F774002FED89 /* agora_iosTests.swift */,
				E18F18912420F774002FED89 /* Info.plist */,
			);
			path = "agora-iosTests";
			sourceTree = "<group>";
		};
		E18F18992420F774002FED89 /* agora-iosUITests */ = {
			isa = PBXGroup;
			children = (
				E18F189A2420F774002FED89 /* agora_iosUITests.swift */,
				E18F189C2420F774002FED89 /* Info.plist */,
			);
			path = "agora-iosUITests";
			sourceTree = "<group>";
		};
		E19012F12430724A00741EF9 /* Backend */ = {
			isa = PBXGroup;
			children = (
				E1989DAC248B5CE6004ACBE7 /* wrappers */,
				E1989DA9248B5C33004ACBE7 /* preferences */,
				E1989DA8248B5BB6004ACBE7 /* services */,
			);
			path = Backend;
			sourceTree = "<group>";
		};
		E1989DA8248B5BB6004ACBE7 /* services */ = {
			isa = PBXGroup;
			children = (
				E19012F22430729100741EF9 /* APIService.swift */,
				E19B260D2491F71E00B97D43 /* DatabaseElectionManager.swift */,
				E19155792498CD7C00AC78D9 /* UserLoginManager.swift */,
			);
			path = services;
			sourceTree = "<group>";
		};
		E1989DA9248B5C33004ACBE7 /* preferences */ = {
			isa = PBXGroup;
			children = (
				E1926F43248CEA7800CC08A3 /* Credentials.swift */,
				E1989DAA248B5C52004ACBE7 /* AppUserDefaults.swift */,
			);
			path = preferences;
			sourceTree = "<group>";
		};
		E1989DAC248B5CE6004ACBE7 /* wrappers */ = {
			isa = PBXGroup;
			children = (
				E1989DAD248B5D16004ACBE7 /* UserDefaultsWrapper.swift */,
			);
			path = wrappers;
			sourceTree = "<group>";
		};
		E19AF57C249F3A9B005C6BD6 /* AppleSignin */ = {
			isa = PBXGroup;
			children = (
				E181E71C2484F7BD00875E3F /* AppleIdButton.swift */,
			);
			path = AppleSignin;
			sourceTree = "<group>";
		};
		E1DD630C2428AC7D00DFCA04 /* Frameworks */ = {
			isa = PBXGroup;
			children = (
				E16E5E46246EEDB00040A9CF /* KVKCalendar.framework */,
				E16E5E47246EEDB00040A9CF /* Realm.framework */,
				E16E5E45246EEDB00040A9CF /* RealmSwift.framework */,
				E1DD630D2428AC7E00DFCA04 /* iOS */,
			);
			name = Frameworks;
			sourceTree = "<group>";
		};
		E1DD630D2428AC7E00DFCA04 /* iOS */ = {
			isa = PBXGroup;
			children = (
				E1DD630E2428AC7E00DFCA04 /* RealmSwift.framework.dSYM */,
				E1DD630F2428AC7E00DFCA04 /* Realm.framework.dSYM */,
				E1DD63102428AC7E00DFCA04 /* RealmSwift.framework */,
				E1DD63112428AC7E00DFCA04 /* D75AF007-77EC-3490-9084-CAAC150C9D4F.bcsymbolmap */,
				E1DD63122428AC7E00DFCA04 /* BDF484BB-9D71-3B79-A490-D2894BB7A4C1.bcsymbolmap */,
				E1DD63132428AC7E00DFCA04 /* Realm.framework */,
				E1DD63142428AC7E00DFCA04 /* E9FFEB42-C0D4-37BC-9016-9904B4EBFC38.bcsymbolmap */,
				E1DD63152428AC7E00DFCA04 /* 2B17A500-B4E3-3999-895C-3051D637D9A1.bcsymbolmap */,
			);
			name = iOS;
			path = Carthage/Build/iOS;
			sourceTree = "<group>";
		};
/* End PBXGroup section */

/* Begin PBXNativeTarget section */
		E18F18742420F770002FED89 /* agora-ios */ = {
			isa = PBXNativeTarget;
			buildConfigurationList = E18F189F2420F774002FED89 /* Build configuration list for PBXNativeTarget "agora-ios" */;
			buildPhases = (
				E18F18712420F770002FED89 /* Sources */,
				E18F18722420F770002FED89 /* Frameworks */,
				E18F18732420F770002FED89 /* Resources */,
				E18D86782466D52600959C40 /* ShellScript */,
				E16BE01E24C6ECF40018CB0F /* Embed Frameworks */,
			);
			buildRules = (
			);
			dependencies = (
			);
			name = "agora-ios";
			packageProductDependencies = (
				E19012F5243074B600741EF9 /* SwiftyJSON */,
				E19012F8243075D100741EF9 /* Alamofire */,
				E1AA77972498A5E90067A231 /* FacebookCore */,
				E1AA77992498A5E90067A231 /* FacebookLogin */,
			);
			productName = "agora-ios";
			productReference = E18F18752420F770002FED89 /* agora-ios.app */;
			productType = "com.apple.product-type.application";
		};
		E18F188A2420F774002FED89 /* agora-iosTests */ = {
			isa = PBXNativeTarget;
			buildConfigurationList = E18F18A22420F774002FED89 /* Build configuration list for PBXNativeTarget "agora-iosTests" */;
			buildPhases = (
				E18F18872420F774002FED89 /* Sources */,
				E18F18882420F774002FED89 /* Frameworks */,
				E18F18892420F774002FED89 /* Resources */,
			);
			buildRules = (
			);
			dependencies = (
				E18F188D2420F774002FED89 /* PBXTargetDependency */,
			);
			name = "agora-iosTests";
			productName = "agora-iosTests";
			productReference = E18F188B2420F774002FED89 /* agora-iosTests.xctest */;
			productType = "com.apple.product-type.bundle.unit-test";
		};
		E18F18952420F774002FED89 /* agora-iosUITests */ = {
			isa = PBXNativeTarget;
			buildConfigurationList = E18F18A52420F774002FED89 /* Build configuration list for PBXNativeTarget "agora-iosUITests" */;
			buildPhases = (
				E18F18922420F774002FED89 /* Sources */,
				E18F18932420F774002FED89 /* Frameworks */,
				E18F18942420F774002FED89 /* Resources */,
			);
			buildRules = (
			);
			dependencies = (
				E18F18982420F774002FED89 /* PBXTargetDependency */,
			);
			name = "agora-iosUITests";
			productName = "agora-iosUITests";
			productReference = E18F18962420F774002FED89 /* agora-iosUITests.xctest */;
			productType = "com.apple.product-type.bundle.ui-testing";
		};
/* End PBXNativeTarget section */

/* Begin PBXProject section */
		E18F186D2420F770002FED89 /* Project object */ = {
			isa = PBXProject;
			attributes = {
				LastSwiftUpdateCheck = 1130;
				LastUpgradeCheck = 1130;
				ORGANIZATIONNAME = HalfPolygon;
				TargetAttributes = {
					E18F18742420F770002FED89 = {
						CreatedOnToolsVersion = 11.3.1;
					};
					E18F188A2420F774002FED89 = {
						CreatedOnToolsVersion = 11.3.1;
						TestTargetID = E18F18742420F770002FED89;
					};
					E18F18952420F774002FED89 = {
						CreatedOnToolsVersion = 11.3.1;
						TestTargetID = E18F18742420F770002FED89;
					};
				};
			};
			buildConfigurationList = E18F18702420F770002FED89 /* Build configuration list for PBXProject "agora-ios" */;
			compatibilityVersion = "Xcode 9.3";
			developmentRegion = en;
			hasScannedForEncodings = 0;
			knownRegions = (
				en,
				Base,
			);
			mainGroup = E18F186C2420F770002FED89;
			packageReferences = (
				E19012F4243074B600741EF9 /* XCRemoteSwiftPackageReference "SwiftyJSON" */,
				E19012F7243075D100741EF9 /* XCRemoteSwiftPackageReference "Alamofire" */,
				E1AA77962498A5E90067A231 /* XCRemoteSwiftPackageReference "facebook-ios-sdk" */,
			);
			productRefGroup = E18F18762420F770002FED89 /* Products */;
			projectDirPath = "";
			projectRoot = "";
			targets = (
				E18F18742420F770002FED89 /* agora-ios */,
				E18F188A2420F774002FED89 /* agora-iosTests */,
				E18F18952420F774002FED89 /* agora-iosUITests */,
			);
		};
/* End PBXProject section */

/* Begin PBXResourcesBuildPhase section */
		E18F18732420F770002FED89 /* Resources */ = {
			isa = PBXResourcesBuildPhase;
			buildActionMask = 2147483647;
			files = (
				E18F18852420F774002FED89 /* LaunchScreen.storyboard in Resources */,
				E18F18822420F774002FED89 /* Preview Assets.xcassets in Resources */,
				E18F187F2420F774002FED89 /* Assets.xcassets in Resources */,
			);
			runOnlyForDeploymentPostprocessing = 0;
		};
		E18F18892420F774002FED89 /* Resources */ = {
			isa = PBXResourcesBuildPhase;
			buildActionMask = 2147483647;
			files = (
			);
			runOnlyForDeploymentPostprocessing = 0;
		};
		E18F18942420F774002FED89 /* Resources */ = {
			isa = PBXResourcesBuildPhase;
			buildActionMask = 2147483647;
			files = (
			);
			runOnlyForDeploymentPostprocessing = 0;
		};
/* End PBXResourcesBuildPhase section */

/* Begin PBXShellScriptBuildPhase section */
		E18D86782466D52600959C40 /* ShellScript */ = {
			isa = PBXShellScriptBuildPhase;
			buildActionMask = 2147483647;
			files = (
			);
			inputFileListPaths = (
				"$(SRCROOT)/input.xcfilelist",
			);
			inputPaths = (
			);
			outputFileListPaths = (
				"$(SRCROOT)/output.xcfilelist",
			);
			outputPaths = (
			);
			runOnlyForDeploymentPostprocessing = 0;
			shellPath = /bin/sh;
			shellScript = "# Type a script or drag a script file from your workspace to insert its path.\n/usr/local/bin/carthage copy-frameworks\n";
		};
/* End PBXShellScriptBuildPhase section */

/* Begin PBXSourcesBuildPhase section */
		E18F18712420F770002FED89 /* Sources */ = {
			isa = PBXSourcesBuildPhase;
			buildActionMask = 2147483647;
			files = (
				E12816FA2490BE4A00E03C24 /* VoterList.swift in Sources */,
				E15FA5D624233EB400E9BF58 /* DatabaseElection.swift in Sources */,
				E19B260E2491F71E00B97D43 /* DatabaseElectionManager.swift in Sources */,
				E164BCDE24235C43002E8B23 /* CardView.swift in Sources */,
				E117947F24B068FF0093C86F /* CalendarContentView.swift in Sources */,
				E15FA5DE24233FF300E9BF58 /* DashboardView.swift in Sources */,
				E19012F32430729100741EF9 /* APIService.swift in Sources */,
				E1FAEDF2248E4CEB003DED66 /* ActivityIndicator.swift in Sources */,
				E1989DAE248B5D16004ACBE7 /* UserDefaultsWrapper.swift in Sources */,
				E117947D24B02CC80093C86F /* CalendarDisplayView.swift in Sources */,
				E1989DAB248B5C52004ACBE7 /* AppUserDefaults.swift in Sources */,
				E17B642D2427189B00475579 /* LoginView.swift in Sources */,
				E15FA5D224233E7200E9BF58 /* ButtonModifier.swift in Sources */,
				E19FF6B724852E5F0087A238 /* CornersShape.swift in Sources */,
				E1E9827A242935FD007C461C /* ElectionEditView.swift in Sources */,
				E1708E8E24C769BF006BEB34 /* ElectionDetailView.swift in Sources */,
				E17B642B2427163400475579 /* Settings.swift in Sources */,
				E192DB2224B846FA00D1E5EC /* TabBarAccessor.swift in Sources */,
				E181E71D2484F7BD00875E3F /* AppleIdButton.swift in Sources */,
				E15FA5E02423400300E9BF58 /* ElectionView.swift in Sources */,
				E1245A5324DA8CAA00503B7E /* Notifications.swift in Sources */,
				E181E71A2484E27100875E3F /* TopCircleShape.swift in Sources */,
				E1B4FCCF2492774700907329 /* DatabaseUser.swift in Sources */,
				E18F18792420F770002FED89 /* AppDelegate.swift in Sources */,
				E1EB7A65248FCC0C008726D8 /* DateFormat.swift in Sources */,
				E191557A2498CD7C00AC78D9 /* UserLoginManager.swift in Sources */,
				E16F276B2486366800F754B0 /* UserTextField.swift in Sources */,
				E1ED14F424BEE21E00467DF2 /* Badge.swift in Sources */,
				E1D3B7BA24BA14810077D82C /* CardShimmer.swift in Sources */,
				E1ED14F224BEDE5C00467DF2 /* EventUpdateOverlay.swift in Sources */,
				E1926F44248CEA7800CC08A3 /* Credentials.swift in Sources */,
				E164BCE024236FD7002E8B23 /* Navigation.swift in Sources */,
				E13215D82424760200B40532 /* CreateElection.swift in Sources */,
				E18F187B2420F770002FED89 /* SceneDelegate.swift in Sources */,
				E1984D7524A761B60099F970 /* Election.swift in Sources */,
				E13215D22423A0BD00B40532 /* SearchBar.swift in Sources */,
				E1AA779C2498AF980067A231 /* FacebookButton.swift in Sources */,
				E12816F82490BCC900E03C24 /* Ballot.swift in Sources */,
			);
			runOnlyForDeploymentPostprocessing = 0;
		};
		E18F18872420F774002FED89 /* Sources */ = {
			isa = PBXSourcesBuildPhase;
			buildActionMask = 2147483647;
			files = (
				E18F18902420F774002FED89 /* agora_iosTests.swift in Sources */,
			);
			runOnlyForDeploymentPostprocessing = 0;
		};
		E18F18922420F774002FED89 /* Sources */ = {
			isa = PBXSourcesBuildPhase;
			buildActionMask = 2147483647;
			files = (
				E18F189B2420F774002FED89 /* agora_iosUITests.swift in Sources */,
			);
			runOnlyForDeploymentPostprocessing = 0;
		};
/* End PBXSourcesBuildPhase section */

/* Begin PBXTargetDependency section */
		E18F188D2420F774002FED89 /* PBXTargetDependency */ = {
			isa = PBXTargetDependency;
			target = E18F18742420F770002FED89 /* agora-ios */;
			targetProxy = E18F188C2420F774002FED89 /* PBXContainerItemProxy */;
		};
		E18F18982420F774002FED89 /* PBXTargetDependency */ = {
			isa = PBXTargetDependency;
			target = E18F18742420F770002FED89 /* agora-ios */;
			targetProxy = E18F18972420F774002FED89 /* PBXContainerItemProxy */;
		};
/* End PBXTargetDependency section */

/* Begin PBXVariantGroup section */
		E18F18832420F774002FED89 /* LaunchScreen.storyboard */ = {
			isa = PBXVariantGroup;
			children = (
				E18F18842420F774002FED89 /* Base */,
			);
			name = LaunchScreen.storyboard;
			sourceTree = "<group>";
		};
/* End PBXVariantGroup section */

/* Begin XCBuildConfiguration section */
		E18F189D2420F774002FED89 /* Debug */ = {
			isa = XCBuildConfiguration;
			buildSettings = {
				ALWAYS_SEARCH_USER_PATHS = NO;
				CLANG_ANALYZER_NONNULL = YES;
				CLANG_ANALYZER_NUMBER_OBJECT_CONVERSION = YES_AGGRESSIVE;
				CLANG_CXX_LANGUAGE_STANDARD = "gnu++14";
				CLANG_CXX_LIBRARY = "libc++";
				CLANG_ENABLE_MODULES = YES;
				CLANG_ENABLE_OBJC_ARC = YES;
				CLANG_ENABLE_OBJC_WEAK = YES;
				CLANG_WARN_BLOCK_CAPTURE_AUTORELEASING = YES;
				CLANG_WARN_BOOL_CONVERSION = YES;
				CLANG_WARN_COMMA = YES;
				CLANG_WARN_CONSTANT_CONVERSION = YES;
				CLANG_WARN_DEPRECATED_OBJC_IMPLEMENTATIONS = YES;
				CLANG_WARN_DIRECT_OBJC_ISA_USAGE = YES_ERROR;
				CLANG_WARN_DOCUMENTATION_COMMENTS = YES;
				CLANG_WARN_EMPTY_BODY = YES;
				CLANG_WARN_ENUM_CONVERSION = YES;
				CLANG_WARN_INFINITE_RECURSION = YES;
				CLANG_WARN_INT_CONVERSION = YES;
				CLANG_WARN_NON_LITERAL_NULL_CONVERSION = YES;
				CLANG_WARN_OBJC_IMPLICIT_RETAIN_SELF = YES;
				CLANG_WARN_OBJC_LITERAL_CONVERSION = YES;
				CLANG_WARN_OBJC_ROOT_CLASS = YES_ERROR;
				CLANG_WARN_RANGE_LOOP_ANALYSIS = YES;
				CLANG_WARN_STRICT_PROTOTYPES = YES;
				CLANG_WARN_SUSPICIOUS_MOVE = YES;
				CLANG_WARN_UNGUARDED_AVAILABILITY = YES_AGGRESSIVE;
				CLANG_WARN_UNREACHABLE_CODE = YES;
				CLANG_WARN__DUPLICATE_METHOD_MATCH = YES;
				COPY_PHASE_STRIP = NO;
				DEBUG_INFORMATION_FORMAT = dwarf;
				ENABLE_STRICT_OBJC_MSGSEND = YES;
				ENABLE_TESTABILITY = YES;
				GCC_C_LANGUAGE_STANDARD = gnu11;
				GCC_DYNAMIC_NO_PIC = NO;
				GCC_NO_COMMON_BLOCKS = YES;
				GCC_OPTIMIZATION_LEVEL = 0;
				GCC_PREPROCESSOR_DEFINITIONS = (
					"DEBUG=1",
					"$(inherited)",
				);
				GCC_WARN_64_TO_32_BIT_CONVERSION = YES;
				GCC_WARN_ABOUT_RETURN_TYPE = YES_ERROR;
				GCC_WARN_UNDECLARED_SELECTOR = YES;
				GCC_WARN_UNINITIALIZED_AUTOS = YES_AGGRESSIVE;
				GCC_WARN_UNUSED_FUNCTION = YES;
				GCC_WARN_UNUSED_VARIABLE = YES;
				IPHONEOS_DEPLOYMENT_TARGET = 13.2;
				MTL_ENABLE_DEBUG_INFO = INCLUDE_SOURCE;
				MTL_FAST_MATH = YES;
				ONLY_ACTIVE_ARCH = YES;
				SDKROOT = iphoneos;
				SWIFT_ACTIVE_COMPILATION_CONDITIONS = DEBUG;
				SWIFT_OPTIMIZATION_LEVEL = "-Onone";
			};
			name = Debug;
		};
		E18F189E2420F774002FED89 /* Release */ = {
			isa = XCBuildConfiguration;
			buildSettings = {
				ALWAYS_SEARCH_USER_PATHS = NO;
				CLANG_ANALYZER_NONNULL = YES;
				CLANG_ANALYZER_NUMBER_OBJECT_CONVERSION = YES_AGGRESSIVE;
				CLANG_CXX_LANGUAGE_STANDARD = "gnu++14";
				CLANG_CXX_LIBRARY = "libc++";
				CLANG_ENABLE_MODULES = YES;
				CLANG_ENABLE_OBJC_ARC = YES;
				CLANG_ENABLE_OBJC_WEAK = YES;
				CLANG_WARN_BLOCK_CAPTURE_AUTORELEASING = YES;
				CLANG_WARN_BOOL_CONVERSION = YES;
				CLANG_WARN_COMMA = YES;
				CLANG_WARN_CONSTANT_CONVERSION = YES;
				CLANG_WARN_DEPRECATED_OBJC_IMPLEMENTATIONS = YES;
				CLANG_WARN_DIRECT_OBJC_ISA_USAGE = YES_ERROR;
				CLANG_WARN_DOCUMENTATION_COMMENTS = YES;
				CLANG_WARN_EMPTY_BODY = YES;
				CLANG_WARN_ENUM_CONVERSION = YES;
				CLANG_WARN_INFINITE_RECURSION = YES;
				CLANG_WARN_INT_CONVERSION = YES;
				CLANG_WARN_NON_LITERAL_NULL_CONVERSION = YES;
				CLANG_WARN_OBJC_IMPLICIT_RETAIN_SELF = YES;
				CLANG_WARN_OBJC_LITERAL_CONVERSION = YES;
				CLANG_WARN_OBJC_ROOT_CLASS = YES_ERROR;
				CLANG_WARN_RANGE_LOOP_ANALYSIS = YES;
				CLANG_WARN_STRICT_PROTOTYPES = YES;
				CLANG_WARN_SUSPICIOUS_MOVE = YES;
				CLANG_WARN_UNGUARDED_AVAILABILITY = YES_AGGRESSIVE;
				CLANG_WARN_UNREACHABLE_CODE = YES;
				CLANG_WARN__DUPLICATE_METHOD_MATCH = YES;
				COPY_PHASE_STRIP = NO;
				DEBUG_INFORMATION_FORMAT = "dwarf-with-dsym";
				ENABLE_NS_ASSERTIONS = NO;
				ENABLE_STRICT_OBJC_MSGSEND = YES;
				GCC_C_LANGUAGE_STANDARD = gnu11;
				GCC_NO_COMMON_BLOCKS = YES;
				GCC_WARN_64_TO_32_BIT_CONVERSION = YES;
				GCC_WARN_ABOUT_RETURN_TYPE = YES_ERROR;
				GCC_WARN_UNDECLARED_SELECTOR = YES;
				GCC_WARN_UNINITIALIZED_AUTOS = YES_AGGRESSIVE;
				GCC_WARN_UNUSED_FUNCTION = YES;
				GCC_WARN_UNUSED_VARIABLE = YES;
				IPHONEOS_DEPLOYMENT_TARGET = 13.2;
				MTL_ENABLE_DEBUG_INFO = NO;
				MTL_FAST_MATH = YES;
				SDKROOT = iphoneos;
				SWIFT_COMPILATION_MODE = wholemodule;
				SWIFT_OPTIMIZATION_LEVEL = "-O";
				VALIDATE_PRODUCT = YES;
			};
			name = Release;
		};
		E18F18A02420F774002FED89 /* Debug */ = {
			isa = XCBuildConfiguration;
			buildSettings = {
				ASSETCATALOG_COMPILER_APPICON_NAME = AppIcon;
				CODE_SIGN_ENTITLEMENTS = "agora-ios/agora-ios.entitlements";
				CODE_SIGN_STYLE = Automatic;
				DEVELOPMENT_ASSET_PATHS = "\"agora-ios/Preview Content\"";
				DEVELOPMENT_TEAM = 9F94YLNW6S;
				ENABLE_PREVIEWS = YES;
				FRAMEWORK_SEARCH_PATHS = (
					"$(inherited)",
					"$(PROJECT_DIR)/Carthage/Build/iOS",
				);
				INFOPLIST_FILE = "agora-ios/Info.plist";
				LD_RUNPATH_SEARCH_PATHS = (
					"$(inherited)",
					"@executable_path/Frameworks",
				);
				PRODUCT_BUNDLE_IDENTIFIER = "aossie.agora-ios";
				PRODUCT_NAME = "agora-ios";
				SWIFT_VERSION = 5.0;
				TARGETED_DEVICE_FAMILY = 1;
			};
			name = Debug;
		};
		E18F18A12420F774002FED89 /* Release */ = {
			isa = XCBuildConfiguration;
			buildSettings = {
				ASSETCATALOG_COMPILER_APPICON_NAME = AppIcon;
				CODE_SIGN_ENTITLEMENTS = "agora-ios/agora-ios.entitlements";
				CODE_SIGN_STYLE = Automatic;
				DEVELOPMENT_ASSET_PATHS = "\"agora-ios/Preview Content\"";
				DEVELOPMENT_TEAM = 9F94YLNW6S;
				ENABLE_PREVIEWS = YES;
				FRAMEWORK_SEARCH_PATHS = (
					"$(inherited)",
					"$(PROJECT_DIR)/Carthage/Build/iOS",
				);
				INFOPLIST_FILE = "agora-ios/Info.plist";
				LD_RUNPATH_SEARCH_PATHS = (
					"$(inherited)",
					"@executable_path/Frameworks",
				);
				PRODUCT_BUNDLE_IDENTIFIER = "aossie.agora-ios";
				PRODUCT_NAME = "agora-ios";
				SWIFT_VERSION = 5.0;
				TARGETED_DEVICE_FAMILY = 1;
			};
			name = Release;
		};
		E18F18A32420F774002FED89 /* Debug */ = {
			isa = XCBuildConfiguration;
			buildSettings = {
				ALWAYS_EMBED_SWIFT_STANDARD_LIBRARIES = YES;
				BUNDLE_LOADER = "$(TEST_HOST)";
				CODE_SIGN_STYLE = Automatic;
				DEVELOPMENT_TEAM = 9F94YLNW6S;
				INFOPLIST_FILE = "agora-iosTests/Info.plist";
				IPHONEOS_DEPLOYMENT_TARGET = 13.2;
				LD_RUNPATH_SEARCH_PATHS = (
					"$(inherited)",
					"@executable_path/Frameworks",
					"@loader_path/Frameworks",
				);
				PRODUCT_BUNDLE_IDENTIFIER = "com.halfpolygon.agora-iosTests";
				PRODUCT_NAME = "$(TARGET_NAME)";
				SWIFT_VERSION = 5.0;
				TARGETED_DEVICE_FAMILY = "1,2";
				TEST_HOST = "$(BUILT_PRODUCTS_DIR)/agora-ios.app/agora-ios";
			};
			name = Debug;
		};
		E18F18A42420F774002FED89 /* Release */ = {
			isa = XCBuildConfiguration;
			buildSettings = {
				ALWAYS_EMBED_SWIFT_STANDARD_LIBRARIES = YES;
				BUNDLE_LOADER = "$(TEST_HOST)";
				CODE_SIGN_STYLE = Automatic;
				DEVELOPMENT_TEAM = 9F94YLNW6S;
				INFOPLIST_FILE = "agora-iosTests/Info.plist";
				IPHONEOS_DEPLOYMENT_TARGET = 13.2;
				LD_RUNPATH_SEARCH_PATHS = (
					"$(inherited)",
					"@executable_path/Frameworks",
					"@loader_path/Frameworks",
				);
				PRODUCT_BUNDLE_IDENTIFIER = "com.halfpolygon.agora-iosTests";
				PRODUCT_NAME = "$(TARGET_NAME)";
				SWIFT_VERSION = 5.0;
				TARGETED_DEVICE_FAMILY = "1,2";
				TEST_HOST = "$(BUILT_PRODUCTS_DIR)/agora-ios.app/agora-ios";
			};
			name = Release;
		};
		E18F18A62420F774002FED89 /* Debug */ = {
			isa = XCBuildConfiguration;
			buildSettings = {
				ALWAYS_EMBED_SWIFT_STANDARD_LIBRARIES = YES;
				CODE_SIGN_STYLE = Automatic;
				DEVELOPMENT_TEAM = 9F94YLNW6S;
				INFOPLIST_FILE = "agora-iosUITests/Info.plist";
				LD_RUNPATH_SEARCH_PATHS = (
					"$(inherited)",
					"@executable_path/Frameworks",
					"@loader_path/Frameworks",
				);
				PRODUCT_BUNDLE_IDENTIFIER = "com.halfpolygon.agora-iosUITests";
				PRODUCT_NAME = "$(TARGET_NAME)";
				SWIFT_VERSION = 5.0;
				TARGETED_DEVICE_FAMILY = "1,2";
				TEST_TARGET_NAME = "agora-ios";
			};
			name = Debug;
		};
		E18F18A72420F774002FED89 /* Release */ = {
			isa = XCBuildConfiguration;
			buildSettings = {
				ALWAYS_EMBED_SWIFT_STANDARD_LIBRARIES = YES;
				CODE_SIGN_STYLE = Automatic;
				DEVELOPMENT_TEAM = 9F94YLNW6S;
				INFOPLIST_FILE = "agora-iosUITests/Info.plist";
				LD_RUNPATH_SEARCH_PATHS = (
					"$(inherited)",
					"@executable_path/Frameworks",
					"@loader_path/Frameworks",
				);
				PRODUCT_BUNDLE_IDENTIFIER = "com.halfpolygon.agora-iosUITests";
				PRODUCT_NAME = "$(TARGET_NAME)";
				SWIFT_VERSION = 5.0;
				TARGETED_DEVICE_FAMILY = "1,2";
				TEST_TARGET_NAME = "agora-ios";
			};
			name = Release;
		};
/* End XCBuildConfiguration section */

/* Begin XCConfigurationList section */
		E18F18702420F770002FED89 /* Build configuration list for PBXProject "agora-ios" */ = {
			isa = XCConfigurationList;
			buildConfigurations = (
				E18F189D2420F774002FED89 /* Debug */,
				E18F189E2420F774002FED89 /* Release */,
			);
			defaultConfigurationIsVisible = 0;
			defaultConfigurationName = Release;
		};
		E18F189F2420F774002FED89 /* Build configuration list for PBXNativeTarget "agora-ios" */ = {
			isa = XCConfigurationList;
			buildConfigurations = (
				E18F18A02420F774002FED89 /* Debug */,
				E18F18A12420F774002FED89 /* Release */,
			);
			defaultConfigurationIsVisible = 0;
			defaultConfigurationName = Release;
		};
		E18F18A22420F774002FED89 /* Build configuration list for PBXNativeTarget "agora-iosTests" */ = {
			isa = XCConfigurationList;
			buildConfigurations = (
				E18F18A32420F774002FED89 /* Debug */,
				E18F18A42420F774002FED89 /* Release */,
			);
			defaultConfigurationIsVisible = 0;
			defaultConfigurationName = Release;
		};
		E18F18A52420F774002FED89 /* Build configuration list for PBXNativeTarget "agora-iosUITests" */ = {
			isa = XCConfigurationList;
			buildConfigurations = (
				E18F18A62420F774002FED89 /* Debug */,
				E18F18A72420F774002FED89 /* Release */,
			);
			defaultConfigurationIsVisible = 0;
			defaultConfigurationName = Release;
		};
/* End XCConfigurationList section */

/* Begin XCRemoteSwiftPackageReference section */
		E19012F4243074B600741EF9 /* XCRemoteSwiftPackageReference "SwiftyJSON" */ = {
			isa = XCRemoteSwiftPackageReference;
			repositoryURL = "https://github.com/SwiftyJSON/SwiftyJSON.git";
			requirement = {
				kind = upToNextMajorVersion;
				minimumVersion = 5.0.0;
			};
		};
		E19012F7243075D100741EF9 /* XCRemoteSwiftPackageReference "Alamofire" */ = {
			isa = XCRemoteSwiftPackageReference;
			repositoryURL = "https://github.com/Alamofire/Alamofire.git";
			requirement = {
				kind = upToNextMajorVersion;
				minimumVersion = 5.0.5;
			};
		};
		E1AA77962498A5E90067A231 /* XCRemoteSwiftPackageReference "facebook-ios-sdk" */ = {
			isa = XCRemoteSwiftPackageReference;
			repositoryURL = "https://github.com/facebook/facebook-ios-sdk";
			requirement = {
				kind = upToNextMajorVersion;
				minimumVersion = 7.0.1;
			};
		};
/* End XCRemoteSwiftPackageReference section */

/* Begin XCSwiftPackageProductDependency section */
		E19012F5243074B600741EF9 /* SwiftyJSON */ = {
			isa = XCSwiftPackageProductDependency;
			package = E19012F4243074B600741EF9 /* XCRemoteSwiftPackageReference "SwiftyJSON" */;
			productName = SwiftyJSON;
		};
		E19012F8243075D100741EF9 /* Alamofire */ = {
			isa = XCSwiftPackageProductDependency;
			package = E19012F7243075D100741EF9 /* XCRemoteSwiftPackageReference "Alamofire" */;
			productName = Alamofire;
		};
		E1AA77972498A5E90067A231 /* FacebookCore */ = {
			isa = XCSwiftPackageProductDependency;
			package = E1AA77962498A5E90067A231 /* XCRemoteSwiftPackageReference "facebook-ios-sdk" */;
			productName = FacebookCore;
		};
		E1AA77992498A5E90067A231 /* FacebookLogin */ = {
			isa = XCSwiftPackageProductDependency;
			package = E1AA77962498A5E90067A231 /* XCRemoteSwiftPackageReference "facebook-ios-sdk" */;
			productName = FacebookLogin;
		};
/* End XCSwiftPackageProductDependency section */
	};
	rootObject = E18F186D2420F770002FED89 /* Project object */;
}
