<?xml version="1.0" encoding="UTF-8"?>
<Scheme
   LastUpgradeVersion = "1130"
   version = "1.7">
   <BuildAction
      parallelizeBuildables = "YES"
      buildImplicitDependencies = "YES">
      <BuildActionEntries>
         <BuildActionEntry
            buildForTesting = "YES"
            buildForRunning = "YES"
            buildForProfiling = "YES"
            buildForArchiving = "YES"
            buildForAnalyzing = "YES">
            <BuildableReference
               BuildableIdentifier = "primary"
               BlueprintIdentifier = "E18F18742420F770002FED89"
               BuildableName = "agora-ios.app"
               BlueprintName = "agora-ios"
               ReferencedContainer = "container:agora-ios.xcodeproj">
            </BuildableReference>
         </BuildActionEntry>
      </BuildActionEntries>
   </BuildAction>
   <TestAction
      buildConfiguration = "Debug"
      selectedDebuggerIdentifier = "Xcode.DebuggerFoundation.Debugger.LLDB"
      selectedLauncherIdentifier = "Xcode.DebuggerFoundation.Launcher.LLDB"
      shouldUseLaunchSchemeArgsEnv = "YES">
      <PreActions>
         <ExecutionAction
            ActionType = "Xcode.IDEStandardExecutionActionsCore.ExecutionActionType.ShellScriptAction">
            <ActionContent
               title = "Run Script"
               scriptText = "#Find the UDID of the booted simulator&#10;#And use PlistBuddy to change the flag to true or false&#10;#Set the variable useHardwareKeyboard with the desired result&#10;#Relaunch the simulator&#10;useHardwareKeyboard=false&#10;export UDID=$(xcrun simctl list devices | grep &quot;(Booted)&quot; | grep -E -o -i &quot;([0-9a-f]{8}-([0-9a-f]{4}-){3}[0-9a-f]{12})&quot;)&#10;/usr/libexec/PlistBuddy -c &quot;Set :DevicePreferences:$UDID:ConnectHardwareKeyboard ${useHardwareKeyboard}&quot; ~/Library/Preferences/com.apple.iphonesimulator.plist&#10;xcrun simctl shutdown $UDID&#10;xcrun simctl boot $UDID&#10;">
               <EnvironmentBuildable>
                  <BuildableReference
                     BuildableIdentifier = "primary"
                     BlueprintIdentifier = "E18F18742420F770002FED89"
                     BuildableName = "agora-ios.app"
                     BlueprintName = "agora-ios"
                     ReferencedContainer = "container:agora-ios.xcodeproj">
                  </BuildableReference>
               </EnvironmentBuildable>
            </ActionContent>
         </ExecutionAction>
      </PreActions>
      <Testables>
         <TestableReference
            skipped = "NO">
            <BuildableReference
               BuildableIdentifier = "primary"
               BlueprintIdentifier = "E18F188A2420F774002FED89"
               BuildableName = "agora-iosTests.xctest"
               BlueprintName = "agora-iosTests"
               ReferencedContainer = "container:agora-ios.xcodeproj">
            </BuildableReference>
         </TestableReference>
         <TestableReference
            skipped = "NO">
            <BuildableReference
               BuildableIdentifier = "primary"
               BlueprintIdentifier = "E18F18952420F774002FED89"
               BuildableName = "agora-iosUITests.xctest"
               BlueprintName = "agora-iosUITests"
               ReferencedContainer = "container:agora-ios.xcodeproj">
            </BuildableReference>
         </TestableReference>
      </Testables>
   </TestAction>
   <LaunchAction
      buildConfiguration = "Debug"
      selectedDebuggerIdentifier = "Xcode.DebuggerFoundation.Debugger.LLDB"
      selectedLauncherIdentifier = "Xcode.DebuggerFoundation.Launcher.LLDB"
      launchStyle = "0"
      useCustomWorkingDirectory = "NO"
      ignoresPersistentStateOnLaunch = "NO"
      debugDocumentVersioning = "YES"
      debugServiceExtension = "internal"
      allowLocationSimulation = "YES">
      <BuildableProductRunnable
         runnableDebuggingMode = "0">
         <BuildableReference
            BuildableIdentifier = "primary"
            BlueprintIdentifier = "E18F18742420F770002FED89"
            BuildableName = "agora-ios.app"
            BlueprintName = "agora-ios"
            ReferencedContainer = "container:agora-ios.xcodeproj">
         </BuildableReference>
      </BuildableProductRunnable>
   </LaunchAction>
   <ProfileAction
      buildConfiguration = "Release"
      shouldUseLaunchSchemeArgsEnv = "YES"
      savedToolIdentifier = ""
      useCustomWorkingDirectory = "NO"
      debugDocumentVersioning = "YES">
      <BuildableProductRunnable
         runnableDebuggingMode = "0">
         <BuildableReference
            BuildableIdentifier = "primary"
            BlueprintIdentifier = "E18F18742420F770002FED89"
            BuildableName = "agora-ios.app"
            BlueprintName = "agora-ios"
            ReferencedContainer = "container:agora-ios.xcodeproj">
         </BuildableReference>
      </BuildableProductRunnable>
   </ProfileAction>
   <AnalyzeAction
      buildConfiguration = "Debug">
   </AnalyzeAction>
   <ArchiveAction
      buildConfiguration = "Release"
      revealArchiveInOrganizer = "YES">
   </ArchiveAction>
</Scheme>
